
Microsoft Visual Studio Solution File, Format Version 12.00
# Visual Studio Version 17
VisualStudioVersion = 17.9.34622.214
MinimumVisualStudioVersion = 10.0.40219.1
Project("{FAE04EC0-301F-11D3-BF4B-00C04F79EFBC}") = "PearGating", "PearGating.csproj", "{50174C62-88F4-47D5-8253-C80CF32B36AA}"
EndProject
Global
	GlobalSection(SolutionConfigurationPlatforms) = preSolution
		Debug|Any CPU = Debug|Any CPU
		Release|Any CPU = Release|Any CPU
	EndGlobalSection
	GlobalSection(ProjectConfigurationPlatforms) = postSolution
		{50174C62-88F4-47D5-8253-C80CF32B36AA}.Debug|Any CPU.ActiveCfg = Debug|Any CPU
		{50174C62-88F4-47D5-8253-C80CF32B36AA}.Debug|Any CPU.Build.0 = Debug|Any CPU
		{50174C62-88F4-47D5-8253-C80CF32B36AA}.Release|Any CPU.ActiveCfg = Release|Any CPU
		{50174C62-88F4-47D5-8253-C80CF32B36AA}.Release|Any CPU.Build.0 = Release|Any CPU
	EndGlobalSection
	GlobalSection(SolutionProperties) = preSolution
		HideSolutionNode = FALSE
	EndGlobalSection
	GlobalSection(ExtensibilityGlobals) = postSolution
		SolutionGuid = {D7D63A83-E17C-4F62-86C6-6A8C14776A8A}
	EndGlobalSection
EndGlobal
