
Microsoft Visual Studio Solution File, Format Version 12.00
# Visual Studio Version 17
VisualStudioVersion = 17.9.34728.123
MinimumVisualStudioVersion = 10.0.40219.1
Project("{FAE04EC0-301F-11D3-BF4B-00C04F79EFBC}") = "FirstPage.Web", "FirstPage.Web\FirstPage.Web.csproj", "{948463C5-7207-4D60-B8AA-C73B09B77E2C}"
EndProject
Global
	GlobalSection(SolutionConfigurationPlatforms) = preSolution
		Debug|Any CPU = Debug|Any CPU
		Release|Any CPU = Release|Any CPU
	EndGlobalSection
	GlobalSection(ProjectConfigurationPlatforms) = postSolution
		{948463C5-7207-4D60-B8AA-C73B09B77E2C}.Debug|Any CPU.ActiveCfg = Debug|Any CPU
		{948463C5-7207-4D60-B8AA-C73B09B77E2C}.Debug|Any CPU.Build.0 = Debug|Any CPU
		{948463C5-7207-4D60-B8AA-C73B09B77E2C}.Release|Any CPU.ActiveCfg = Release|Any CPU
		{948463C5-7207-4D60-B8AA-C73B09B77E2C}.Release|Any CPU.Build.0 = Release|Any CPU
	EndGlobalSection
	GlobalSection(SolutionProperties) = preSolution
		HideSolutionNode = FALSE
	EndGlobalSection
	GlobalSection(ExtensibilityGlobals) = postSolution
		SolutionGuid = {6B327DC5-B7FF-4B71-A42D-E64AADDFCF15}
	EndGlobalSection
EndGlobal
